
Microsoft Visual Studio Solution File, Format Version 12.00
# Visual Studio 15
VisualStudioVersion = 15.0.27703.2026
MinimumVisualStudioVersion = 10.0.40219.1
Project("{FAE04EC0-301F-11D3-BF4B-00C04F79EFBC}") = "LoopsAndIfExercise", "LoopsAndIfExercise\LoopsAndIfExercise.csproj", "{8AD0FA24-E162-4981-8A53-4C6874BCFFBB}"
EndProject
Global
	GlobalSection(SolutionConfigurationPlatforms) = preSolution
		Debug|Any CPU = Debug|Any CPU
		Release|Any CPU = Release|Any CPU
	EndGlobalSection
	GlobalSection(ProjectConfigurationPlatforms) = postSolution
		{8AD0FA24-E162-4981-8A53-4C6874BCFFBB}.Debug|Any CPU.ActiveCfg = Debug|Any CPU
		{8AD0FA24-E162-4981-8A53-4C6874BCFFBB}.Debug|Any CPU.Build.0 = Debug|Any CPU
		{8AD0FA24-E162-4981-8A53-4C6874BCFFBB}.Release|Any CPU.ActiveCfg = Release|Any CPU
		{8AD0FA24-E162-4981-8A53-4C6874BCFFBB}.Release|Any CPU.Build.0 = Release|Any CPU
	EndGlobalSection
	GlobalSection(SolutionProperties) = preSolution
		HideSolutionNode = FALSE
	EndGlobalSection
	GlobalSection(ExtensibilityGlobals) = postSolution
		SolutionGuid = {5773C0BC-FC65-41D9-BDE2-A7A189DEFBC0}
	EndGlobalSection
EndGlobal
